
Microsoft Visual Studio Solution File, Format Version 12.00
# Visual Studio Version 16
VisualStudioVersion = 16.0.30413.136
MinimumVisualStudioVersion = 10.0.40219.1
Project("{FAE04EC0-301F-11D3-BF4B-00C04F79EFBC}") = "Employees_General_Info", "Employees_General_Info\Employees_General_Info.csproj", "{63C5F0F0-99B9-4228-90AD-121BB6C7A0A0}"
EndProject
Global
	GlobalSection(SolutionConfigurationPlatforms) = preSolution
		Debug|Any CPU = Debug|Any CPU
		Release|Any CPU = Release|Any CPU
	EndGlobalSection
	GlobalSection(ProjectConfigurationPlatforms) = postSolution
		{63C5F0F0-99B9-4228-90AD-121BB6C7A0A0}.Debug|Any CPU.ActiveCfg = Debug|Any CPU
		{63C5F0F0-99B9-4228-90AD-121BB6C7A0A0}.Debug|Any CPU.Build.0 = Debug|Any CPU
		{63C5F0F0-99B9-4228-90AD-121BB6C7A0A0}.Release|Any CPU.ActiveCfg = Release|Any CPU
		{63C5F0F0-99B9-4228-90AD-121BB6C7A0A0}.Release|Any CPU.Build.0 = Release|Any CPU
	EndGlobalSection
	GlobalSection(SolutionProperties) = preSolution
		HideSolutionNode = FALSE
	EndGlobalSection
	GlobalSection(ExtensibilityGlobals) = postSolution
		SolutionGuid = {F6DC2650-33A1-4F24-9CBF-8E72218982AE}
	EndGlobalSection
EndGlobal
